// !$*UTF8*$!
{
	archiveVersion = 1;
	classes = {
	};
	objectVersion = 50;
	objects = {

/* Begin PBXBuildFile section */
		0E72015F210B06C8009089CB /* AppDelegate.swift in Sources */ = {isa = PBXBuildFile; fileRef = 0E72015E210B06C8009089CB /* AppDelegate.swift */; };
		0E720161210B06C8009089CB /* ViewController.swift in Sources */ = {isa = PBXBuildFile; fileRef = 0E720160210B06C8009089CB /* ViewController.swift */; };
		0E720164210B06C8009089CB /* Main.storyboard in Resources */ = {isa = PBXBuildFile; fileRef = 0E720162210B06C8009089CB /* Main.storyboard */; };
		0E720166210B06C9009089CB /* Assets.xcassets in Resources */ = {isa = PBXBuildFile; fileRef = 0E720165210B06C9009089CB /* Assets.xcassets */; };
		0E720169210B06C9009089CB /* LaunchScreen.storyboard in Resources */ = {isa = PBXBuildFile; fileRef = 0E720167210B06C9009089CB /* LaunchScreen.storyboard */; };
		C0C1CEC3EC464DD7FA086219 /* Pods_UITableViewWithRxCocoa.framework in Frameworks */ = {isa = PBXBuildFile; fileRef = FB0C2A94328294E2CCBF1DE9 /* Pods_UITableViewWithRxCocoa.framework */; };
/* End PBXBuildFile section */

/* Begin PBXFileReference section */
		0E72015B210B06C8009089CB /* UITableViewWithRxCocoa.app */ = {isa = PBXFileReference; explicitFileType = wrapper.application; includeInIndex = 0; path = UITableViewWithRxCocoa.app; sourceTree = BUILT_PRODUCTS_DIR; };
		0E72015E210B06C8009089CB /* AppDelegate.swift */ = {isa = PBXFileReference; lastKnownFileType = sourcecode.swift; path = AppDelegate.swift; sourceTree = "<group>"; };
		0E720160210B06C8009089CB /* ViewController.swift */ = {isa = PBXFileReference; lastKnownFileType = sourcecode.swift; path = ViewController.swift; sourceTree = "<group>"; };
		0E720163210B06C8009089CB /* Base */ = {isa = PBXFileReference; lastKnownFileType = file.storyboard; name = Base; path = Base.lproj/Main.storyboard; sourceTree = "<group>"; };
		0E720165210B06C9009089CB /* Assets.xcassets */ = {isa = PBXFileReference; lastKnownFileType = folder.assetcatalog; path = Assets.xcassets; sourceTree = "<group>"; };
		0E720168210B06C9009089CB /* Base */ = {isa = PBXFileReference; lastKnownFileType = file.storyboard; name = Base; path = Base.lproj/LaunchScreen.storyboard; sourceTree = "<group>"; };
		0E72016A210B06C9009089CB /* Info.plist */ = {isa = PBXFileReference; lastKnownFileType = text.plist.xml; path = Info.plist; sourceTree = "<group>"; };
		1017C172EE06BB4E00FACB47 /* Pods-UITableViewWithRxCocoa.release.xcconfig */ = {isa = PBXFileReference; includeInIndex = 1; lastKnownFileType = text.xcconfig; name = "Pods-UITableViewWithRxCocoa.release.xcconfig"; path = "Pods/Target Support Files/Pods-UITableViewWithRxCocoa/Pods-UITableViewWithRxCocoa.release.xcconfig"; sourceTree = "<group>"; };
		230E20C26220099935BEAB12 /* Pods-UITableViewWithRxCocoa.debug.xcconfig */ = {isa = PBXFileReference; includeInIndex = 1; lastKnownFileType = text.xcconfig; name = "Pods-UITableViewWithRxCocoa.debug.xcconfig"; path = "Pods/Target Support Files/Pods-UITableViewWithRxCocoa/Pods-UITableViewWithRxCocoa.debug.xcconfig"; sourceTree = "<group>"; };
		FB0C2A94328294E2CCBF1DE9 /* Pods_UITableViewWithRxCocoa.framework */ = {isa = PBXFileReference; explicitFileType = wrapper.framework; includeInIndex = 0; path = Pods_UITableViewWithRxCocoa.framework; sourceTree = BUILT_PRODUCTS_DIR; };
/* End PBXFileReference section */

/* Begin PBXFrameworksBuildPhase section */
		0E720158210B06C8009089CB /* Frameworks */ = {
			isa = PBXFrameworksBuildPhase;
			buildActionMask = 2147483647;
			files = (
				C0C1CEC3EC464DD7FA086219 /* Pods_UITableViewWithRxCocoa.framework in Frameworks */,
			);
			runOnlyForDeploymentPostprocessing = 0;
		};
/* End PBXFrameworksBuildPhase section */

/* Begin PBXGroup section */
		0E720152210B06C8009089CB = {
			isa = PBXGroup;
			children = (
				0E72015D210B06C8009089CB /* UITableViewWithRxCocoa */,
				0E72015C210B06C8009089CB /* Products */,
				75204CF0250CA9C8A0839E0D /* Pods */,
				BA0141EAAA954F4A1D68EBB3 /* Frameworks */,
			);
			sourceTree = "<group>";
		};
		0E72015C210B06C8009089CB /* Products */ = {
			isa = PBXGroup;
			children = (
				0E72015B210B06C8009089CB /* UITableViewWithRxCocoa.app */,
			);
			name = Products;
			sourceTree = "<group>";
		};
		0E72015D210B06C8009089CB /* UITableViewWithRxCocoa */ = {
			isa = PBXGroup;
			children = (
				0E72015E210B06C8009089CB /* AppDelegate.swift */,
				0E720160210B06C8009089CB /* ViewController.swift */,
				0E720162210B06C8009089CB /* Main.storyboard */,
				0E720165210B06C9009089CB /* Assets.xcassets */,
				0E720167210B06C9009089CB /* LaunchScreen.storyboard */,
				0E72016A210B06C9009089CB /* Info.plist */,
			);
			path = UITableViewWithRxCocoa;
			sourceTree = "<group>";
		};
		75204CF0250CA9C8A0839E0D /* Pods */ = {
			isa = PBXGroup;
			children = (
				230E20C26220099935BEAB12 /* Pods-UITableViewWithRxCocoa.debug.xcconfig */,
				1017C172EE06BB4E00FACB47 /* Pods-UITableViewWithRxCocoa.release.xcconfig */,
			);
			name = Pods;
			sourceTree = "<group>";
		};
		BA0141EAAA954F4A1D68EBB3 /* Frameworks */ = {
			isa = PBXGroup;
			children = (
				FB0C2A94328294E2CCBF1DE9 /* Pods_UITableViewWithRxCocoa.framework */,
			);
			name = Frameworks;
			sourceTree = "<group>";
		};
/* End PBXGroup section */

/* Begin PBXNativeTarget section */
		0E72015A210B06C8009089CB /* UITableViewWithRxCocoa */ = {
			isa = PBXNativeTarget;
			buildConfigurationList = 0E72016D210B06C9009089CB /* Build configuration list for PBXNativeTarget "UITableViewWithRxCocoa" */;
			buildPhases = (
				5BBDBAF5E32B44330B7C2150 /* [CP] Check Pods Manifest.lock */,
				0E720157210B06C8009089CB /* Sources */,
				0E720158210B06C8009089CB /* Frameworks */,
				0E720159210B06C8009089CB /* Resources */,
				3304FAF8AECE45CB663B2E98 /* [CP] Embed Pods Frameworks */,
			);
			buildRules = (
			);
			dependencies = (
			);
			name = UITableViewWithRxCocoa;
			productName = UITableViewWithRxCocoa;
			productReference = 0E72015B210B06C8009089CB /* UITableViewWithRxCocoa.app */;
			productType = "com.apple.product-type.application";
		};
/* End PBXNativeTarget section */

/* Begin PBXProject section */
		0E720153210B06C8009089CB /* Project object */ = {
			isa = PBXProject;
			attributes = {
				LastSwiftUpdateCheck = 0940;
				LastUpgradeCheck = 0940;
				ORGANIZATIONNAME = Sung;
				TargetAttributes = {
					0E72015A210B06C8009089CB = {
						CreatedOnToolsVersion = 9.4.1;
					};
				};
			};
			buildConfigurationList = 0E720156210B06C8009089CB /* Build configuration list for PBXProject "UITableViewWithRxCocoa" */;
			compatibilityVersion = "Xcode 9.3";
			developmentRegion = en;
			hasScannedForEncodings = 0;
			knownRegions = (
				en,
				Base,
			);
			mainGroup = 0E720152210B06C8009089CB;
			productRefGroup = 0E72015C210B06C8009089CB /* Products */;
			projectDirPath = "";
			projectRoot = "";
			targets = (
				0E72015A210B06C8009089CB /* UITableViewWithRxCocoa */,
			);
		};
/* End PBXProject section */

/* Begin PBXResourcesBuildPhase section */
		0E720159210B06C8009089CB /* Resources */ = {
			isa = PBXResourcesBuildPhase;
			buildActionMask = 2147483647;
			files = (
				0E720169210B06C9009089CB /* LaunchScreen.storyboard in Resources */,
				0E720166210B06C9009089CB /* Assets.xcassets in Resources */,
				0E720164210B06C8009089CB /* Main.storyboard in Resources */,
			);
			runOnlyForDeploymentPostprocessing = 0;
		};
/* End PBXResourcesBuildPhase section */

/* Begin PBXShellScriptBuildPhase section */
		3304FAF8AECE45CB663B2E98 /* [CP] Embed Pods Frameworks */ = {
			isa = PBXShellScriptBuildPhase;
			buildActionMask = 2147483647;
			files = (
			);
			inputPaths = (
				"${SRCROOT}/Pods/Target Support Files/Pods-UITableViewWithRxCocoa/Pods-UITableViewWithRxCocoa-frameworks.sh",
				"${BUILT_PRODUCTS_DIR}/RxCocoa/RxCocoa.framework",
				"${BUILT_PRODUCTS_DIR}/RxSwift/RxSwift.framework",
			);
			name = "[CP] Embed Pods Frameworks";
			outputPaths = (
				"${TARGET_BUILD_DIR}/${FRAMEWORKS_FOLDER_PATH}/RxCocoa.framework",
				"${TARGET_BUILD_DIR}/${FRAMEWORKS_FOLDER_PATH}/RxSwift.framework",
			);
			runOnlyForDeploymentPostprocessing = 0;
			shellPath = /bin/sh;
			shellScript = "\"${SRCROOT}/Pods/Target Support Files/Pods-UITableViewWithRxCocoa/Pods-UITableViewWithRxCocoa-frameworks.sh\"\n";
			showEnvVarsInLog = 0;
		};
		5BBDBAF5E32B44330B7C2150 /* [CP] Check Pods Manifest.lock */ = {
			isa = PBXShellScriptBuildPhase;
			buildActionMask = 2147483647;
			files = (
			);
			inputPaths = (
				"${PODS_PODFILE_DIR_PATH}/Podfile.lock",
				"${PODS_ROOT}/Manifest.lock",
			);
			name = "[CP] Check Pods Manifest.lock";
			outputPaths = (
				"$(DERIVED_FILE_DIR)/Pods-UITableViewWithRxCocoa-checkManifestLockResult.txt",
			);
			runOnlyForDeploymentPostprocessing = 0;
			shellPath = /bin/sh;
			shellScript = "diff \"${PODS_PODFILE_DIR_PATH}/Podfile.lock\" \"${PODS_ROOT}/Manifest.lock\" > /dev/null\nif [ $? != 0 ] ; then\n    # print error to STDERR\n    echo \"error: The sandbox is not in sync with the Podfile.lock. Run 'pod install' or update your CocoaPods installation.\" >&2\n    exit 1\nfi\n# This output is used by Xcode 'outputs' to avoid re-running this script phase.\necho \"SUCCESS\" > \"${SCRIPT_OUTPUT_FILE_0}\"\n";
			showEnvVarsInLog = 0;
		};
/* End PBXShellScriptBuildPhase section */

/* Begin PBXSourcesBuildPhase section */
		0E720157210B06C8009089CB /* Sources */ = {
			isa = PBXSourcesBuildPhase;
			buildActionMask = 2147483647;
			files = (
				0E720161210B06C8009089CB /* ViewController.swift in Sources */,
				0E72015F210B06C8009089CB /* AppDelegate.swift in Sources */,
			);
			runOnlyForDeploymentPostprocessing = 0;
		};
/* End PBXSourcesBuildPhase section */

/* Begin PBXVariantGroup section */
		0E720162210B06C8009089CB /* Main.storyboard */ = {
			isa = PBXVariantGroup;
			children = (
				0E720163210B06C8009089CB /* Base */,
			);
			name = Main.storyboard;
			sourceTree = "<group>";
		};
		0E720167210B06C9009089CB /* LaunchScreen.storyboard */ = {
			isa = PBXVariantGroup;
			children = (
				0E720168210B06C9009089CB /* Base */,
			);
			name = LaunchScreen.storyboard;
			sourceTree = "<group>";
		};
/* End PBXVariantGroup section */

/* Begin XCBuildConfiguration section */
		0E72016B210B06C9009089CB /* Debug */ = {
			isa = XCBuildConfiguration;
			buildSettings = {
				ALWAYS_SEARCH_USER_PATHS = NO;
				CLANG_ANALYZER_NONNULL = YES;
				CLANG_ANALYZER_NUMBER_OBJECT_CONVERSION = YES_AGGRESSIVE;
				CLANG_CXX_LANGUAGE_STANDARD = "gnu++14";
				CLANG_CXX_LIBRARY = "libc++";
				CLANG_ENABLE_MODULES = YES;
				CLANG_ENABLE_OBJC_ARC = YES;
				CLANG_ENABLE_OBJC_WEAK = YES;
				CLANG_WARN_BLOCK_CAPTURE_AUTORELEASING = YES;
				CLANG_WARN_BOOL_CONVERSION = YES;
				CLANG_WARN_COMMA = YES;
				CLANG_WARN_CONSTANT_CONVERSION = YES;
				CLANG_WARN_DEPRECATED_OBJC_IMPLEMENTATIONS = YES;
				CLANG_WARN_DIRECT_OBJC_ISA_USAGE = YES_ERROR;
				CLANG_WARN_DOCUMENTATION_COMMENTS = YES;
				CLANG_WARN_EMPTY_BODY = YES;
				CLANG_WARN_ENUM_CONVERSION = YES;
				CLANG_WARN_INFINITE_RECURSION = YES;
				CLANG_WARN_INT_CONVERSION = YES;
				CLANG_WARN_NON_LITERAL_NULL_CONVERSION = YES;
				CLANG_WARN_OBJC_IMPLICIT_RETAIN_SELF = YES;
				CLANG_WARN_OBJC_LITERAL_CONVERSION = YES;
				CLANG_WARN_OBJC_ROOT_CLASS = YES_ERROR;
				CLANG_WARN_RANGE_LOOP_ANALYSIS = YES;
				CLANG_WARN_STRICT_PROTOTYPES = YES;
				CLANG_WARN_SUSPICIOUS_MOVE = YES;
				CLANG_WARN_UNGUARDED_AVAILABILITY = YES_AGGRESSIVE;
				CLANG_WARN_UNREACHABLE_CODE = YES;
				CLANG_WARN__DUPLICATE_METHOD_MATCH = YES;
				CODE_SIGN_IDENTITY = "iPhone Developer";
				COPY_PHASE_STRIP = NO;
				DEBUG_INFORMATION_FORMAT = dwarf;
				ENABLE_STRICT_OBJC_MSGSEND = YES;
				ENABLE_TESTABILITY = YES;
				GCC_C_LANGUAGE_STANDARD = gnu11;
				GCC_DYNAMIC_NO_PIC = NO;
				GCC_NO_COMMON_BLOCKS = YES;
				GCC_OPTIMIZATION_LEVEL = 0;
				GCC_PREPROCESSOR_DEFINITIONS = (
					"DEBUG=1",
					"$(inherited)",
				);
				GCC_WARN_64_TO_32_BIT_CONVERSION = YES;
				GCC_WARN_ABOUT_RETURN_TYPE = YES_ERROR;
				GCC_WARN_UNDECLARED_SELECTOR = YES;
				GCC_WARN_UNINITIALIZED_AUTOS = YES_AGGRESSIVE;
				GCC_WARN_UNUSED_FUNCTION = YES;
				GCC_WARN_UNUSED_VARIABLE = YES;
				IPHONEOS_DEPLOYMENT_TARGET = 11.4;
				MTL_ENABLE_DEBUG_INFO = YES;
				ONLY_ACTIVE_ARCH = YES;
				SDKROOT = iphoneos;
				SWIFT_ACTIVE_COMPILATION_CONDITIONS = DEBUG;
				SWIFT_OPTIMIZATION_LEVEL = "-Onone";
			};
			name = Debug;
		};
		0E72016C210B06C9009089CB /* Release */ = {
			isa = XCBuildConfiguration;
			buildSettings = {
				ALWAYS_SEARCH_USER_PATHS = NO;
				CLANG_ANALYZER_NONNULL = YES;
				CLANG_ANALYZER_NUMBER_OBJECT_CONVERSION = YES_AGGRESSIVE;
				CLANG_CXX_LANGUAGE_STANDARD = "gnu++14";
				CLANG_CXX_LIBRARY = "libc++";
				CLANG_ENABLE_MODULES = YES;
				CLANG_ENABLE_OBJC_ARC = YES;
				CLANG_ENABLE_OBJC_WEAK = YES;
				CLANG_WARN_BLOCK_CAPTURE_AUTORELEASING = YES;
				CLANG_WARN_BOOL_CONVERSION = YES;
				CLANG_WARN_COMMA = YES;
				CLANG_WARN_CONSTANT_CONVERSION = YES;
				CLANG_WARN_DEPRECATED_OBJC_IMPLEMENTATIONS = YES;
				CLANG_WARN_DIRECT_OBJC_ISA_USAGE = YES_ERROR;
				CLANG_WARN_DOCUMENTATION_COMMENTS = YES;
				CLANG_WARN_EMPTY_BODY = YES;
				CLANG_WARN_ENUM_CONVERSION = YES;
				CLANG_WARN_INFINITE_RECURSION = YES;
				CLANG_WARN_INT_CONVERSION = YES;
				CLANG_WARN_NON_LITERAL_NULL_CONVERSION = YES;
				CLANG_WARN_OBJC_IMPLICIT_RETAIN_SELF = YES;
				CLANG_WARN_OBJC_LITERAL_CONVERSION = YES;
				CLANG_WARN_OBJC_ROOT_CLASS = YES_ERROR;
				CLANG_WARN_RANGE_LOOP_ANALYSIS = YES;
				CLANG_WARN_STRICT_PROTOTYPES = YES;
				CLANG_WARN_SUSPICIOUS_MOVE = YES;
				CLANG_WARN_UNGUARDED_AVAILABILITY = YES_AGGRESSIVE;
				CLANG_WARN_UNREACHABLE_CODE = YES;
				CLANG_WARN__DUPLICATE_METHOD_MATCH = YES;
				CODE_SIGN_IDENTITY = "iPhone Developer";
				COPY_PHASE_STRIP = NO;
				DEBUG_INFORMATION_FORMAT = "dwarf-with-dsym";
				ENABLE_NS_ASSERTIONS = NO;
				ENABLE_STRICT_OBJC_MSGSEND = YES;
				GCC_C_LANGUAGE_STANDARD = gnu11;
				GCC_NO_COMMON_BLOCKS = YES;
				GCC_WARN_64_TO_32_BIT_CONVERSION = YES;
				GCC_WARN_ABOUT_RETURN_TYPE = YES_ERROR;
				GCC_WARN_UNDECLARED_SELECTOR = YES;
				GCC_WARN_UNINITIALIZED_AUTOS = YES_AGGRESSIVE;
				GCC_WARN_UNUSED_FUNCTION = YES;
				GCC_WARN_UNUSED_VARIABLE = YES;
				IPHONEOS_DEPLOYMENT_TARGET = 11.4;
				MTL_ENABLE_DEBUG_INFO = NO;
				SDKROOT = iphoneos;
				SWIFT_COMPILATION_MODE = wholemodule;
				SWIFT_OPTIMIZATION_LEVEL = "-O";
				VALIDATE_PRODUCT = YES;
			};
			name = Release;
		};
		0E72016E210B06C9009089CB /* Debug */ = {
			isa = XCBuildConfiguration;
			baseConfigurationReference = 230E20C26220099935BEAB12 /* Pods-UITableViewWithRxCocoa.debug.xcconfig */;
			buildSettings = {
				ASSETCATALOG_COMPILER_APPICON_NAME = AppIcon;
				CODE_SIGN_STYLE = Automatic;
				INFOPLIST_FILE = UITableViewWithRxCocoa/Info.plist;
				LD_RUNPATH_SEARCH_PATHS = (
					"$(inherited)",
					"@executable_path/Frameworks",
				);
				PRODUCT_BUNDLE_IDENTIFIER = "io.github.sung-yu.UITableViewWithRxCocoa";
				PRODUCT_NAME = "$(TARGET_NAME)";
				SWIFT_VERSION = 4.0;
				TARGETED_DEVICE_FAMILY = "1,2";
			};
			name = Debug;
		};
		0E72016F210B06C9009089CB /* Release */ = {
			isa = XCBuildConfiguration;
			baseConfigurationReference = 1017C172EE06BB4E00FACB47 /* Pods-UITableViewWithRxCocoa.release.xcconfig */;
			buildSettings = {
				ASSETCATALOG_COMPILER_APPICON_NAME = AppIcon;
				CODE_SIGN_STYLE = Automatic;
				INFOPLIST_FILE = UITableViewWithRxCocoa/Info.plist;
				LD_RUNPATH_SEARCH_PATHS = (
					"$(inherited)",
					"@executable_path/Frameworks",
				);
				PRODUCT_BUNDLE_IDENTIFIER = "io.github.sung-yu.UITableViewWithRxCocoa";
				PRODUCT_NAME = "$(TARGET_NAME)";
				SWIFT_VERSION = 4.0;
				TARGETED_DEVICE_FAMILY = "1,2";
			};
			name = Release;
		};
/* End XCBuildConfiguration section */

/* Begin XCConfigurationList section */
		0E720156210B06C8009089CB /* Build configuration list for PBXProject "UITableViewWithRxCocoa" */ = {
			isa = XCConfigurationList;
			buildConfigurations = (
				0E72016B210B06C9009089CB /* Debug */,
				0E72016C210B06C9009089CB /* Release */,
			);
			defaultConfigurationIsVisible = 0;
			defaultConfigurationName = Release;
		};
		0E72016D210B06C9009089CB /* Build configuration list for PBXNativeTarget "UITableViewWithRxCocoa" */ = {
			isa = XCConfigurationList;
			buildConfigurations = (
				0E72016E210B06C9009089CB /* Debug */,
				0E72016F210B06C9009089CB /* Release */,
			);
			defaultConfigurationIsVisible = 0;
			defaultConfigurationName = Release;
		};
/* End XCConfigurationList section */
	};
	rootObject = 0E720153210B06C8009089CB /* Project object */;
}
